dependencies:
- name: redpanda
  repository: https://charts.redpanda.com
  version: 26.1.3
- name: altinity-clickhouse-operator
  repository: https://docs.altinity.com/clickhouse-operator
  version: 0.27.0
digest: sha256:7f44131ce929d31aa148f2eacdb848d4c4f7fc7515f81c7d12694c8cc9f26054
generated: "2026-09-12T12:29:33.849209+02:00"
